<?xml version="1.0" encoding="utf-8"?>
<Project ToolsVersion="4.0" xmlns="http://schemas.microsoft.com/developer/msbuild/2003">
  <ItemGroup>
    <Filter Include="Quelldateien">
      <UniqueIdentifier>{4FC737F1-C7A5-4376-A066-2A32D752A2FF}</UniqueIdentifier>
      <Extensions>cpp;c;cc;cxx;c++;cppm;ixx;def;odl;idl;hpj;bat;asm;asmx</Extensions>
    </Filter>
    <Filter Include="Headerdateien">
      <UniqueIdentifier>{93995380-89BD-4b04-88EB-625FBE52EBFB}</UniqueIdentifier>
      <Extensions>h;hh;hpp;hxx;h++;hm;inl;inc;ipp;xsd</Extensions>
    </Filter>
    <Filter Include="Engine">
      <UniqueIdentifier>{76ec0310-6da6-4a12-a628-31232838f334}</UniqueIdentifier>
    </Filter>
  </ItemGroup>
  <ItemGroup>
    <ClCompile Include="Main.cpp">
      <Filter>Quelldateien</Filter>
    </ClCompile>
    <ClCompile Include="Engine\Engine.cpp">
      <Filter>Engine</Filter>
    </ClCompile>
    <ClCompile Include="Engine\stbi.cpp">
      <Filter>Engine</Filter>
    </ClCompile>
  </ItemGroup>
  <ItemGroup>
    <ClInclude Include="Engine\Array1D.h">
      <Filter>Engine</Filter>
    </ClInclude>
    <ClInclude Include="Engine\Array2D.h">
      <Filter>Engine</Filter>
    </ClInclude>
    <ClInclude Include="Engine\AspectRatio.h">
      <Filter>Engine</Filter>
    </ClInclude>
    <ClInclude Include="Engine\BaseImage.h">
      <Filter>Engine</Filter>
    </ClInclude>
    <ClInclude Include="Engine\BaseSprite.h">
      <Filter>Engine</Filter>
    </ClInclude>
    <ClInclude Include="Engine\CachedString.h">
      <Filter>Engine</Filter>
    </ClInclude>
    <ClInclude Include="Engine\Camera.h">
      <Filter>Engine</Filter>
    </ClInclude>
    <ClInclude Include="Engine\Decal.h">
      <Filter>Engine</Filter>
    </ClInclude>
    <ClInclude Include="Engine\defines.h">
      <Filter>Engine</Filter>
    </ClInclude>
    <ClInclude Include="Engine\Engine.h">
      <Filter>Engine</Filter>
    </ClInclude>
    <ClInclude Include="Engine\GUIEngine.h">
      <Filter>Engine</Filter>
    </ClInclude>
    <ClInclude Include="Engine\Image1D.h">
      <Filter>Engine</Filter>
    </ClInclude>
    <ClInclude Include="Engine\Image2D.h">
      <Filter>Engine</Filter>
    </ClInclude>
    <ClInclude Include="Engine\IndexBuffer.h">
      <Filter>Engine</Filter>
    </ClInclude>
    <ClInclude Include="Engine\KeyManager.h">
      <Filter>Engine</Filter>
    </ClInclude>
    <ClInclude Include="Engine\MathHelper.h">
      <Filter>Engine</Filter>
    </ClInclude>
    <ClInclude Include="Engine\Pixel.h">
      <Filter>Engine</Filter>
    </ClInclude>
    <ClInclude Include="Engine\RenderTarget.h">
      <Filter>Engine</Filter>
    </ClInclude>
    <ClInclude Include="Engine\Shader.h">
      <Filter>Engine</Filter>
    </ClInclude>
    <ClInclude Include="Engine\Sprite2D.h">
      <Filter>Engine</Filter>
    </ClInclude>
    <ClInclude Include="Engine\SpriteManager.h">
      <Filter>Engine</Filter>
    </ClInclude>
    <ClInclude Include="Engine\SpriteShader.h">
      <Filter>Engine</Filter>
    </ClInclude>
    <ClInclude Include="Engine\StringDecal.h">
      <Filter>Engine</Filter>
    </ClInclude>
    <ClInclude Include="Engine\TextureAtlas.h">
      <Filter>Engine</Filter>
    </ClInclude>
    <ClInclude Include="Engine\TextureId.h">
      <Filter>Engine</Filter>
    </ClInclude>
    <ClInclude Include="Engine\Timer.h">
      <Filter>Engine</Filter>
    </ClInclude>
    <ClInclude Include="Engine\TransformedView.h">
      <Filter>Engine</Filter>
    </ClInclude>
    <ClInclude Include="Engine\util.h">
      <Filter>Engine</Filter>
    </ClInclude>
    <ClInclude Include="Engine\vec2d.h">
      <Filter>Engine</Filter>
    </ClInclude>
    <ClInclude Include="Engine\VertexBuffer.h">
      <Filter>Engine</Filter>
    </ClInclude>
    <ClInclude Include="Game.h">
      <Filter>Headerdateien</Filter>
    </ClInclude>
  </ItemGroup>
</Project>